
Microsoft Visual Studio Solution File, Format Version 12.00
# Visual Studio 15
VisualStudioVersion = 15.0.26730.16
MinimumVisualStudioVersion = 10.0.40219.1
Project("{2150E333-8FDC-42A3-9474-1A3956D46DE8}") = "InterfacesAndAbstractionLab", "InterfacesAndAbstractionLab", "{690FEC9F-8481-4B9B-BD50-0D3E0256050D}"
EndProject
Project("{FAE04EC0-301F-11D3-BF4B-00C04F79EFBC}") = "Shapes", "Shapes\Shapes.csproj", "{F70192BD-ABE5-405D-A411-9EABD68E1B7F}"
EndProject
Project("{FAE04EC0-301F-11D3-BF4B-00C04F79EFBC}") = "Car", "Car\Car.csproj", "{230BF492-A1D0-48B3-ABAB-E7AC89B574A3}"
EndProject
Project("{2150E333-8FDC-42A3-9474-1A3956D46DE8}") = "InterfacesExercises", "InterfacesExercises", "{667B39B0-094E-4118-A9D3-0CB22DF5EAEC}"
EndProject
Project("{FAE04EC0-301F-11D3-BF4B-00C04F79EFBC}") = "E01_IPerson", "E01_IPerson\E01_IPerson.csproj", "{3116CD75-9842-4D93-8ADC-98C5CE128F75}"
EndProject
Project("{FAE04EC0-301F-11D3-BF4B-00C04F79EFBC}") = "E02_MultipleImplementation", "E02_MultipleImplementation\E02_MultipleImplementation.csproj", "{A7B59E03-0723-4F95-9574-CF10610B5D14}"
EndProject
Project("{FAE04EC0-301F-11D3-BF4B-00C04F79EFBC}") = "E03_Ferrari", "E03_Ferrari\E03_Ferrari.csproj", "{FC61E821-A623-4EDF-A4F2-FCFECC03C4A5}"
EndProject
Project("{FAE04EC0-301F-11D3-BF4B-00C04F79EFBC}") = "E04_Telephony", "E04_Telephony\E04_Telephony.csproj", "{3C2F8B2B-CE1B-450F-8C39-A7DF363227E1}"
EndProject
Project("{FAE04EC0-301F-11D3-BF4B-00C04F79EFBC}") = "E05_BorderControl", "E05_BorderControl\E05_BorderControl.csproj", "{2D368637-0B7A-4DE7-9BFF-180E1D7BA9E0}"
EndProject
Project("{FAE04EC0-301F-11D3-BF4B-00C04F79EFBC}") = "E06_BirthdayCelebrations", "E06_BirthdayCelebrations\E06_BirthdayCelebrations.csproj", "{9FAD0292-0C54-451B-A78F-26C94C5C47A6}"
EndProject
Project("{FAE04EC0-301F-11D3-BF4B-00C04F79EFBC}") = "E07_FoodShortage", "E07_FoodShortage\E07_FoodShortage.csproj", "{DF5B07FF-12EB-4914-B37F-13A4EF875F0B}"
EndProject
Project("{FAE04EC0-301F-11D3-BF4B-00C04F79EFBC}") = "E08_MilitaryElite", "E08_MilitaryElite\E08_MilitaryElite.csproj", "{7065379B-47C5-47B4-86C0-A4061D508167}"
EndProject
Project("{2150E333-8FDC-42A3-9474-1A3956D46DE8}") = "GenericsLab", "GenericsLab", "{7DB36915-27C1-47D4-B8A3-B4B2BE2FCBD4}"
EndProject
Project("{FAE04EC0-301F-11D3-BF4B-00C04F79EFBC}") = "L01_BoxOfT", "L01_BoxOfT\L01_BoxOfT.csproj", "{A6012DAB-77D7-4D34-A215-BD5C0F80257E}"
EndProject
Project("{FAE04EC0-301F-11D3-BF4B-00C04F79EFBC}") = "L02_GenericArrayCreator", "L02_GenericArrayCreator\L02_GenericArrayCreator.csproj", "{15059F74-E198-4C65-956F-3511EB3E890B}"
EndProject
Project("{FAE04EC0-301F-11D3-BF4B-00C04F79EFBC}") = "L03_GenericScale", "L03_GenericScale\L03_GenericScale.csproj", "{96AEA809-7BE5-41F2-9E03-55F2843ECAB7}"
EndProject
Project("{FAE04EC0-301F-11D3-BF4B-00C04F79EFBC}") = "E09_CollectionHierarchy", "E09_CollectionHierarchy\E09_CollectionHierarchy.csproj", "{A76264DE-B070-4784-A7B4-5FE424C8F923}"
EndProject
Project("{2150E333-8FDC-42A3-9474-1A3956D46DE8}") = "GenericsExercise", "GenericsExercise", "{531E4DCA-97C9-46EC-855C-505A2B4EB993}"
EndProject
Project("{FAE04EC0-301F-11D3-BF4B-00C04F79EFBC}") = "E01_GenericBox", "E01_GenericBox\E01_GenericBox.csproj", "{6DACA670-9365-4640-9287-0A8BF4DFEEBE}"
EndProject
Project("{FAE04EC0-301F-11D3-BF4B-00C04F79EFBC}") = "E02_GenericBoxString", "E02_GenericBoxString\E02_GenericBoxString.csproj", "{7B572950-4ADD-4C21-B422-CD355479E452}"
EndProject
Project("{FAE04EC0-301F-11D3-BF4B-00C04F79EFBC}") = "E03_GenericBoxIntegers", "E03_GenericBoxIntegers\E03_GenericBoxIntegers.csproj", "{08B1718C-3029-4C15-BD04-299E565C9463}"
EndProject
Project("{FAE04EC0-301F-11D3-BF4B-00C04F79EFBC}") = "E04_GenerickSwap", "E04_GenerickSwap\E04_GenerickSwap.csproj", "{71094817-C9B1-4B51-A774-1E55C3833E62}"
EndProject
Project("{FAE04EC0-301F-11D3-BF4B-00C04F79EFBC}") = "E06_GenerickCountString", "E06_GenerickCountString\E06_GenerickCountString.csproj", "{F4E8A377-72DA-4194-AACA-F95A02731FE0}"
EndProject
Project("{FAE04EC0-301F-11D3-BF4B-00C04F79EFBC}") = "E07_GenericCountDouble", "E07_GenericCountDouble\E07_GenericCountDouble.csproj", "{0A9F8FAF-B77F-41A2-94EA-CABBC9E3390C}"
EndProject
Project("{FAE04EC0-301F-11D3-BF4B-00C04F79EFBC}") = "CustomList", "E08_CustomList\CustomList.csproj", "{59CEE7AE-5203-4B81-B2BD-5C890749587C}"
EndProject
Project("{FAE04EC0-301F-11D3-BF4B-00C04F79EFBC}") = "Tuple", "Tuple\Tuple.csproj", "{62744F27-547A-4177-A348-6B1AD380C066}"
EndProject
Project("{FAE04EC0-301F-11D3-BF4B-00C04F79EFBC}") = "Threeuple", "Threeuple\Threeuple.csproj", "{19892F72-F8FD-440F-B13C-3C44FE331012}"
EndProject
Project("{FAE04EC0-301F-11D3-BF4B-00C04F79EFBC}") = "E10_ExplicitInterfaces", "E10_ExplicitInterfaces\E10_ExplicitInterfaces.csproj", "{54606BA5-ABB3-4939-9E75-3AA77079042C}"
EndProject
Project("{2150E333-8FDC-42A3-9474-1A3956D46DE8}") = "IteratorsAndComparatorsLab", "IteratorsAndComparatorsLab", "{6A22C731-5E93-4E73-83A7-CE9BDDEE6654}"
EndProject
Project("{FAE04EC0-301F-11D3-BF4B-00C04F79EFBC}") = "Library", "Library\Library.csproj", "{FAAA3D29-122A-49FF-91CD-DEF09FDD6814}"
EndProject
Project("{2150E333-8FDC-42A3-9474-1A3956D46DE8}") = "IteratorsAndComparatorsExercises", "IteratorsAndComparatorsExercises", "{8BC218F1-1676-4BC5-A64D-F6B39947A625}"
EndProject
Project("{FAE04EC0-301F-11D3-BF4B-00C04F79EFBC}") = "E01_ListyIterator", "E01_ListyIterator\E01_ListyIterator.csproj", "{DA91619C-6628-444F-811C-F8765D956B98}"
EndProject
Project("{FAE04EC0-301F-11D3-BF4B-00C04F79EFBC}") = "E02_Collection", "E02_Collection\E02_Collection.csproj", "{5E0DA7F1-7C27-48D8-B664-2F22D48A99EB}"
EndProject
Project("{FAE04EC0-301F-11D3-BF4B-00C04F79EFBC}") = "E03_Stack", "E03_Stack\E03_Stack.csproj", "{93AAC284-448A-4D20-921F-F3D8E7727CDE}"
EndProject
Project("{FAE04EC0-301F-11D3-BF4B-00C04F79EFBC}") = "E04_Froggy", "E04_Froggy\E04_Froggy.csproj", "{F94468CD-C487-4508-8E46-1F0FF37B5ED1}"
EndProject
Project("{FAE04EC0-301F-11D3-BF4B-00C04F79EFBC}") = "E05_ComparingObject", "E05_ComparingObject\E05_ComparingObject.csproj", "{DB42BC13-0A6A-4459-9A6E-041BC71A4104}"
EndProject
Project("{FAE04EC0-301F-11D3-BF4B-00C04F79EFBC}") = "E06_StrategyPattern", "E06_StrategyPattern\E06_StrategyPattern.csproj", "{5A584CF3-A70B-4C4B-9A1E-960440150E2F}"
EndProject
Project("{FAE04EC0-301F-11D3-BF4B-00C04F79EFBC}") = "E07_EqualityLogic", "E07_EqualityLogic\E07_EqualityLogic.csproj", "{D57F36BE-9182-4A14-AA93-FD2A6445BD9B}"
EndProject
Project("{FAE04EC0-301F-11D3-BF4B-00C04F79EFBC}") = "E08_PetClinics", "E08_PetClinics\E08_PetClinics.csproj", "{1AFE6231-FB61-42BE-84D3-CDB6083337F5}"
EndProject
Project("{FAE04EC0-301F-11D3-BF4B-00C04F79EFBC}") = "E09_LinkedList", "E09_LinkedList\E09_LinkedList.csproj", "{AB809434-C74A-44BB-A500-3FBDE723BD23}"
EndProject
Project("{2150E333-8FDC-42A3-9474-1A3956D46DE8}") = "EnumsAndAttributesLab", "EnumsAndAttributesLab", "{D9429B31-C864-4250-8ABF-DDFC392F8DE1}"
EndProject
Project("{FAE04EC0-301F-11D3-BF4B-00C04F79EFBC}") = "L01_WeekDays", "L01_WeekDays\L01_WeekDays.csproj", "{8EFC85A5-9BD2-41B3-9BB9-82AF69BFF89A}"
EndProject
Project("{FAE04EC0-301F-11D3-BF4B-00C04F79EFBC}") = "CofeeMachine", "CofeeMachine\CofeeMachine.csproj", "{CFFE34A2-276F-4080-A279-BE2624FDA509}"
EndProject
Project("{FAE04EC0-301F-11D3-BF4B-00C04F79EFBC}") = "L03_CreateAttribute", "L03_CreateAttribute\L03_CreateAttribute.csproj", "{062270A8-A0AE-4A23-BBB7-49A87065AE71}"
EndProject
Project("{FAE04EC0-301F-11D3-BF4B-00C04F79EFBC}") = "L04_CodingTracker", "L04_CodingTracker\L04_CodingTracker.csproj", "{C24716A9-D93D-49D0-AE9F-56C87F106668}"
EndProject
Project("{2150E333-8FDC-42A3-9474-1A3956D46DE8}") = "EnumsAndAttributesExercises", "EnumsAndAttributesExercises", "{52C7BC5E-C269-4BFD-BE0D-FAD80B7FEC70}"
EndProject
Project("{FAE04EC0-301F-11D3-BF4B-00C04F79EFBC}") = "E01_CardSuit", "E01_CardSuit\E01_CardSuit.csproj", "{29030056-079A-47F0-A5D2-67C0052CE0D7}"
EndProject
Project("{FAE04EC0-301F-11D3-BF4B-00C04F79EFBC}") = "E02_CardRank", "E02_CardRank\E02_CardRank.csproj", "{BA761851-E355-48A5-8FEB-E8FA4D40CDED}"
EndProject
Project("{FAE04EC0-301F-11D3-BF4B-00C04F79EFBC}") = "E03_CardPower", "E03_CardPower\E03_CardPower.csproj", "{F5848A2F-437B-45AD-962C-47D9906AE3B7}"
EndProject
Project("{FAE04EC0-301F-11D3-BF4B-00C04F79EFBC}") = "E05_CardCompare", "E05_CardCompare\E05_CardCompare.csproj", "{F740BBD8-95CA-46FE-AF20-C209B411EFDB}"
EndProject
Project("{FAE04EC0-301F-11D3-BF4B-00C04F79EFBC}") = "E06_CustomEnumAttribute", "E06_CustomEnumAttribute\E06_CustomEnumAttribute.csproj", "{80886677-0EC2-4119-9B36-5AA177A75195}"
EndProject
Project("{FAE04EC0-301F-11D3-BF4B-00C04F79EFBC}") = "E07_DeckOfCards", "E07_DeckOfCards\E07_DeckOfCards.csproj", "{DE6FD63D-6066-434D-99FD-4D5620DCCA1C}"
EndProject
Project("{FAE04EC0-301F-11D3-BF4B-00C04F79EFBC}") = "E08_CardGame", "E08_CardGame\E08_CardGame.csproj", "{7E1A543E-D070-46E9-A3E0-5680EF1B0B86}"
EndProject
Global
	GlobalSection(SolutionConfigurationPlatforms) = preSolution
		Debug|Any CPU = Debug|Any CPU
		Release|Any CPU = Release|Any CPU
	EndGlobalSection
	GlobalSection(ProjectConfigurationPlatforms) = postSolution
		{F70192BD-ABE5-405D-A411-9EABD68E1B7F}.Debug|Any CPU.ActiveCfg = Debug|Any CPU
		{F70192BD-ABE5-405D-A411-9EABD68E1B7F}.Debug|Any CPU.Build.0 = Debug|Any CPU
		{F70192BD-ABE5-405D-A411-9EABD68E1B7F}.Release|Any CPU.ActiveCfg = Release|Any CPU
		{F70192BD-ABE5-405D-A411-9EABD68E1B7F}.Release|Any CPU.Build.0 = Release|Any CPU
		{230BF492-A1D0-48B3-ABAB-E7AC89B574A3}.Debug|Any CPU.ActiveCfg = Debug|Any CPU
		{230BF492-A1D0-48B3-ABAB-E7AC89B574A3}.Debug|Any CPU.Build.0 = Debug|Any CPU
		{230BF492-A1D0-48B3-ABAB-E7AC89B574A3}.Release|Any CPU.ActiveCfg = Release|Any CPU
		{230BF492-A1D0-48B3-ABAB-E7AC89B574A3}.Release|Any CPU.Build.0 = Release|Any CPU
		{3116CD75-9842-4D93-8ADC-98C5CE128F75}.Debug|Any CPU.ActiveCfg = Debug|Any CPU
		{3116CD75-9842-4D93-8ADC-98C5CE128F75}.Debug|Any CPU.Build.0 = Debug|Any CPU
		{3116CD75-9842-4D93-8ADC-98C5CE128F75}.Release|Any CPU.ActiveCfg = Release|Any CPU
		{3116CD75-9842-4D93-8ADC-98C5CE128F75}.Release|Any CPU.Build.0 = Release|Any CPU
		{A7B59E03-0723-4F95-9574-CF10610B5D14}.Debug|Any CPU.ActiveCfg = Debug|Any CPU
		{A7B59E03-0723-4F95-9574-CF10610B5D14}.Debug|Any CPU.Build.0 = Debug|Any CPU
		{A7B59E03-0723-4F95-9574-CF10610B5D14}.Release|Any CPU.ActiveCfg = Release|Any CPU
		{A7B59E03-0723-4F95-9574-CF10610B5D14}.Release|Any CPU.Build.0 = Release|Any CPU
		{FC61E821-A623-4EDF-A4F2-FCFECC03C4A5}.Debug|Any CPU.ActiveCfg = Debug|Any CPU
		{FC61E821-A623-4EDF-A4F2-FCFECC03C4A5}.Debug|Any CPU.Build.0 = Debug|Any CPU
		{FC61E821-A623-4EDF-A4F2-FCFECC03C4A5}.Release|Any CPU.ActiveCfg = Release|Any CPU
		{FC61E821-A623-4EDF-A4F2-FCFECC03C4A5}.Release|Any CPU.Build.0 = Release|Any CPU
		{3C2F8B2B-CE1B-450F-8C39-A7DF363227E1}.Debug|Any CPU.ActiveCfg = Debug|Any CPU
		{3C2F8B2B-CE1B-450F-8C39-A7DF363227E1}.Debug|Any CPU.Build.0 = Debug|Any CPU
		{3C2F8B2B-CE1B-450F-8C39-A7DF363227E1}.Release|Any CPU.ActiveCfg = Release|Any CPU
		{3C2F8B2B-CE1B-450F-8C39-A7DF363227E1}.Release|Any CPU.Build.0 = Release|Any CPU
		{2D368637-0B7A-4DE7-9BFF-180E1D7BA9E0}.Debug|Any CPU.ActiveCfg = Debug|Any CPU
		{2D368637-0B7A-4DE7-9BFF-180E1D7BA9E0}.Debug|Any CPU.Build.0 = Debug|Any CPU
		{2D368637-0B7A-4DE7-9BFF-180E1D7BA9E0}.Release|Any CPU.ActiveCfg = Release|Any CPU
		{2D368637-0B7A-4DE7-9BFF-180E1D7BA9E0}.Release|Any CPU.Build.0 = Release|Any CPU
		{9FAD0292-0C54-451B-A78F-26C94C5C47A6}.Debug|Any CPU.ActiveCfg = Debug|Any CPU
		{9FAD0292-0C54-451B-A78F-26C94C5C47A6}.Debug|Any CPU.Build.0 = Debug|Any CPU
		{9FAD0292-0C54-451B-A78F-26C94C5C47A6}.Release|Any CPU.ActiveCfg = Release|Any CPU
		{9FAD0292-0C54-451B-A78F-26C94C5C47A6}.Release|Any CPU.Build.0 = Release|Any CPU
		{DF5B07FF-12EB-4914-B37F-13A4EF875F0B}.Debug|Any CPU.ActiveCfg = Debug|Any CPU
		{DF5B07FF-12EB-4914-B37F-13A4EF875F0B}.Debug|Any CPU.Build.0 = Debug|Any CPU
		{DF5B07FF-12EB-4914-B37F-13A4EF875F0B}.Release|Any CPU.ActiveCfg = Release|Any CPU
		{DF5B07FF-12EB-4914-B37F-13A4EF875F0B}.Release|Any CPU.Build.0 = Release|Any CPU
		{7065379B-47C5-47B4-86C0-A4061D508167}.Debug|Any CPU.ActiveCfg = Debug|Any CPU
		{7065379B-47C5-47B4-86C0-A4061D508167}.Debug|Any CPU.Build.0 = Debug|Any CPU
		{7065379B-47C5-47B4-86C0-A4061D508167}.Release|Any CPU.ActiveCfg = Release|Any CPU
		{7065379B-47C5-47B4-86C0-A4061D508167}.Release|Any CPU.Build.0 = Release|Any CPU
		{A6012DAB-77D7-4D34-A215-BD5C0F80257E}.Debug|Any CPU.ActiveCfg = Debug|Any CPU
		{A6012DAB-77D7-4D34-A215-BD5C0F80257E}.Debug|Any CPU.Build.0 = Debug|Any CPU
		{A6012DAB-77D7-4D34-A215-BD5C0F80257E}.Release|Any CPU.ActiveCfg = Release|Any CPU
		{A6012DAB-77D7-4D34-A215-BD5C0F80257E}.Release|Any CPU.Build.0 = Release|Any CPU
		{15059F74-E198-4C65-956F-3511EB3E890B}.Debug|Any CPU.ActiveCfg = Debug|Any CPU
		{15059F74-E198-4C65-956F-3511EB3E890B}.Debug|Any CPU.Build.0 = Debug|Any CPU
		{15059F74-E198-4C65-956F-3511EB3E890B}.Release|Any CPU.ActiveCfg = Release|Any CPU
		{15059F74-E198-4C65-956F-3511EB3E890B}.Release|Any CPU.Build.0 = Release|Any CPU
		{96AEA809-7BE5-41F2-9E03-55F2843ECAB7}.Debug|Any CPU.ActiveCfg = Debug|Any CPU
		{96AEA809-7BE5-41F2-9E03-55F2843ECAB7}.Debug|Any CPU.Build.0 = Debug|Any CPU
		{96AEA809-7BE5-41F2-9E03-55F2843ECAB7}.Release|Any CPU.ActiveCfg = Release|Any CPU
		{96AEA809-7BE5-41F2-9E03-55F2843ECAB7}.Release|Any CPU.Build.0 = Release|Any CPU
		{A76264DE-B070-4784-A7B4-5FE424C8F923}.Debug|Any CPU.ActiveCfg = Debug|Any CPU
		{A76264DE-B070-4784-A7B4-5FE424C8F923}.Debug|Any CPU.Build.0 = Debug|Any CPU
		{A76264DE-B070-4784-A7B4-5FE424C8F923}.Release|Any CPU.ActiveCfg = Release|Any CPU
		{A76264DE-B070-4784-A7B4-5FE424C8F923}.Release|Any CPU.Build.0 = Release|Any CPU
		{6DACA670-9365-4640-9287-0A8BF4DFEEBE}.Debug|Any CPU.ActiveCfg = Debug|Any CPU
		{6DACA670-9365-4640-9287-0A8BF4DFEEBE}.Debug|Any CPU.Build.0 = Debug|Any CPU
		{6DACA670-9365-4640-9287-0A8BF4DFEEBE}.Release|Any CPU.ActiveCfg = Release|Any CPU
		{6DACA670-9365-4640-9287-0A8BF4DFEEBE}.Release|Any CPU.Build.0 = Release|Any CPU
		{7B572950-4ADD-4C21-B422-CD355479E452}.Debug|Any CPU.ActiveCfg = Debug|Any CPU
		{7B572950-4ADD-4C21-B422-CD355479E452}.Debug|Any CPU.Build.0 = Debug|Any CPU
		{7B572950-4ADD-4C21-B422-CD355479E452}.Release|Any CPU.ActiveCfg = Release|Any CPU
		{7B572950-4ADD-4C21-B422-CD355479E452}.Release|Any CPU.Build.0 = Release|Any CPU
		{08B1718C-3029-4C15-BD04-299E565C9463}.Debug|Any CPU.ActiveCfg = Debug|Any CPU
		{08B1718C-3029-4C15-BD04-299E565C9463}.Debug|Any CPU.Build.0 = Debug|Any CPU
		{08B1718C-3029-4C15-BD04-299E565C9463}.Release|Any CPU.ActiveCfg = Release|Any CPU
		{08B1718C-3029-4C15-BD04-299E565C9463}.Release|Any CPU.Build.0 = Release|Any CPU
		{71094817-C9B1-4B51-A774-1E55C3833E62}.Debug|Any CPU.ActiveCfg = Debug|Any CPU
		{71094817-C9B1-4B51-A774-1E55C3833E62}.Debug|Any CPU.Build.0 = Debug|Any CPU
		{71094817-C9B1-4B51-A774-1E55C3833E62}.Release|Any CPU.ActiveCfg = Release|Any CPU
		{71094817-C9B1-4B51-A774-1E55C3833E62}.Release|Any CPU.Build.0 = Release|Any CPU
		{F4E8A377-72DA-4194-AACA-F95A02731FE0}.Debug|Any CPU.ActiveCfg = Debug|Any CPU
		{F4E8A377-72DA-4194-AACA-F95A02731FE0}.Debug|Any CPU.Build.0 = Debug|Any CPU
		{F4E8A377-72DA-4194-AACA-F95A02731FE0}.Release|Any CPU.ActiveCfg = Release|Any CPU
		{F4E8A377-72DA-4194-AACA-F95A02731FE0}.Release|Any CPU.Build.0 = Release|Any CPU
		{0A9F8FAF-B77F-41A2-94EA-CABBC9E3390C}.Debug|Any CPU.ActiveCfg = Debug|Any CPU
		{0A9F8FAF-B77F-41A2-94EA-CABBC9E3390C}.Debug|Any CPU.Build.0 = Debug|Any CPU
		{0A9F8FAF-B77F-41A2-94EA-CABBC9E3390C}.Release|Any CPU.ActiveCfg = Release|Any CPU
		{0A9F8FAF-B77F-41A2-94EA-CABBC9E3390C}.Release|Any CPU.Build.0 = Release|Any CPU
		{59CEE7AE-5203-4B81-B2BD-5C890749587C}.Debug|Any CPU.ActiveCfg = Debug|Any CPU
		{59CEE7AE-5203-4B81-B2BD-5C890749587C}.Debug|Any CPU.Build.0 = Debug|Any CPU
		{59CEE7AE-5203-4B81-B2BD-5C890749587C}.Release|Any CPU.ActiveCfg = Release|Any CPU
		{59CEE7AE-5203-4B81-B2BD-5C890749587C}.Release|Any CPU.Build.0 = Release|Any CPU
		{62744F27-547A-4177-A348-6B1AD380C066}.Debug|Any CPU.ActiveCfg = Debug|Any CPU
		{62744F27-547A-4177-A348-6B1AD380C066}.Debug|Any CPU.Build.0 = Debug|Any CPU
		{62744F27-547A-4177-A348-6B1AD380C066}.Release|Any CPU.ActiveCfg = Release|Any CPU
		{62744F27-547A-4177-A348-6B1AD380C066}.Release|Any CPU.Build.0 = Release|Any CPU
		{19892F72-F8FD-440F-B13C-3C44FE331012}.Debug|Any CPU.ActiveCfg = Debug|Any CPU
		{19892F72-F8FD-440F-B13C-3C44FE331012}.Debug|Any CPU.Build.0 = Debug|Any CPU
		{19892F72-F8FD-440F-B13C-3C44FE331012}.Release|Any CPU.ActiveCfg = Release|Any CPU
		{19892F72-F8FD-440F-B13C-3C44FE331012}.Release|Any CPU.Build.0 = Release|Any CPU
		{54606BA5-ABB3-4939-9E75-3AA77079042C}.Debug|Any CPU.ActiveCfg = Debug|Any CPU
		{54606BA5-ABB3-4939-9E75-3AA77079042C}.Debug|Any CPU.Build.0 = Debug|Any CPU
		{54606BA5-ABB3-4939-9E75-3AA77079042C}.Release|Any CPU.ActiveCfg = Release|Any CPU
		{54606BA5-ABB3-4939-9E75-3AA77079042C}.Release|Any CPU.Build.0 = Release|Any CPU
		{FAAA3D29-122A-49FF-91CD-DEF09FDD6814}.Debug|Any CPU.ActiveCfg = Debug|Any CPU
		{FAAA3D29-122A-49FF-91CD-DEF09FDD6814}.Debug|Any CPU.Build.0 = Debug|Any CPU
		{FAAA3D29-122A-49FF-91CD-DEF09FDD6814}.Release|Any CPU.ActiveCfg = Release|Any CPU
		{FAAA3D29-122A-49FF-91CD-DEF09FDD6814}.Release|Any CPU.Build.0 = Release|Any CPU
		{DA91619C-6628-444F-811C-F8765D956B98}.Debug|Any CPU.ActiveCfg = Debug|Any CPU
		{DA91619C-6628-444F-811C-F8765D956B98}.Debug|Any CPU.Build.0 = Debug|Any CPU
		{DA91619C-6628-444F-811C-F8765D956B98}.Release|Any CPU.ActiveCfg = Release|Any CPU
		{DA91619C-6628-444F-811C-F8765D956B98}.Release|Any CPU.Build.0 = Release|Any CPU
		{5E0DA7F1-7C27-48D8-B664-2F22D48A99EB}.Debug|Any CPU.ActiveCfg = Debug|Any CPU
		{5E0DA7F1-7C27-48D8-B664-2F22D48A99EB}.Debug|Any CPU.Build.0 = Debug|Any CPU
		{5E0DA7F1-7C27-48D8-B664-2F22D48A99EB}.Release|Any CPU.ActiveCfg = Release|Any CPU
		{5E0DA7F1-7C27-48D8-B664-2F22D48A99EB}.Release|Any CPU.Build.0 = Release|Any CPU
		{93AAC284-448A-4D20-921F-F3D8E7727CDE}.Debug|Any CPU.ActiveCfg = Debug|Any CPU
		{93AAC284-448A-4D20-921F-F3D8E7727CDE}.Debug|Any CPU.Build.0 = Debug|Any CPU
		{93AAC284-448A-4D20-921F-F3D8E7727CDE}.Release|Any CPU.ActiveCfg = Release|Any CPU
		{93AAC284-448A-4D20-921F-F3D8E7727CDE}.Release|Any CPU.Build.0 = Release|Any CPU
		{F94468CD-C487-4508-8E46-1F0FF37B5ED1}.Debug|Any CPU.ActiveCfg = Debug|Any CPU
		{F94468CD-C487-4508-8E46-1F0FF37B5ED1}.Debug|Any CPU.Build.0 = Debug|Any CPU
		{F94468CD-C487-4508-8E46-1F0FF37B5ED1}.Release|Any CPU.ActiveCfg = Release|Any CPU
		{F94468CD-C487-4508-8E46-1F0FF37B5ED1}.Release|Any CPU.Build.0 = Release|Any CPU
		{DB42BC13-0A6A-4459-9A6E-041BC71A4104}.Debug|Any CPU.ActiveCfg = Debug|Any CPU
		{DB42BC13-0A6A-4459-9A6E-041BC71A4104}.Debug|Any CPU.Build.0 = Debug|Any CPU
		{DB42BC13-0A6A-4459-9A6E-041BC71A4104}.Release|Any CPU.ActiveCfg = Release|Any CPU
		{DB42BC13-0A6A-4459-9A6E-041BC71A4104}.Release|Any CPU.Build.0 = Release|Any CPU
		{5A584CF3-A70B-4C4B-9A1E-960440150E2F}.Debug|Any CPU.ActiveCfg = Debug|Any CPU
		{5A584CF3-A70B-4C4B-9A1E-960440150E2F}.Debug|Any CPU.Build.0 = Debug|Any CPU
		{5A584CF3-A70B-4C4B-9A1E-960440150E2F}.Release|Any CPU.ActiveCfg = Release|Any CPU
		{5A584CF3-A70B-4C4B-9A1E-960440150E2F}.Release|Any CPU.Build.0 = Release|Any CPU
		{D57F36BE-9182-4A14-AA93-FD2A6445BD9B}.Debug|Any CPU.ActiveCfg = Debug|Any CPU
		{D57F36BE-9182-4A14-AA93-FD2A6445BD9B}.Debug|Any CPU.Build.0 = Debug|Any CPU
		{D57F36BE-9182-4A14-AA93-FD2A6445BD9B}.Release|Any CPU.ActiveCfg = Release|Any CPU
		{D57F36BE-9182-4A14-AA93-FD2A6445BD9B}.Release|Any CPU.Build.0 = Release|Any CPU
		{1AFE6231-FB61-42BE-84D3-CDB6083337F5}.Debug|Any CPU.ActiveCfg = Debug|Any CPU
		{1AFE6231-FB61-42BE-84D3-CDB6083337F5}.Debug|Any CPU.Build.0 = Debug|Any CPU
		{1AFE6231-FB61-42BE-84D3-CDB6083337F5}.Release|Any CPU.ActiveCfg = Release|Any CPU
		{1AFE6231-FB61-42BE-84D3-CDB6083337F5}.Release|Any CPU.Build.0 = Release|Any CPU
		{AB809434-C74A-44BB-A500-3FBDE723BD23}.Debug|Any CPU.ActiveCfg = Debug|Any CPU
		{AB809434-C74A-44BB-A500-3FBDE723BD23}.Debug|Any CPU.Build.0 = Debug|Any CPU
		{AB809434-C74A-44BB-A500-3FBDE723BD23}.Release|Any CPU.ActiveCfg = Release|Any CPU
		{AB809434-C74A-44BB-A500-3FBDE723BD23}.Release|Any CPU.Build.0 = Release|Any CPU
		{8EFC85A5-9BD2-41B3-9BB9-82AF69BFF89A}.Debug|Any CPU.ActiveCfg = Debug|Any CPU
		{8EFC85A5-9BD2-41B3-9BB9-82AF69BFF89A}.Debug|Any CPU.Build.0 = Debug|Any CPU
		{8EFC85A5-9BD2-41B3-9BB9-82AF69BFF89A}.Release|Any CPU.ActiveCfg = Release|Any CPU
		{8EFC85A5-9BD2-41B3-9BB9-82AF69BFF89A}.Release|Any CPU.Build.0 = Release|Any CPU
		{CFFE34A2-276F-4080-A279-BE2624FDA509}.Debug|Any CPU.ActiveCfg = Debug|Any CPU
		{CFFE34A2-276F-4080-A279-BE2624FDA509}.Debug|Any CPU.Build.0 = Debug|Any CPU
		{CFFE34A2-276F-4080-A279-BE2624FDA509}.Release|Any CPU.ActiveCfg = Release|Any CPU
		{CFFE34A2-276F-4080-A279-BE2624FDA509}.Release|Any CPU.Build.0 = Release|Any CPU
		{062270A8-A0AE-4A23-BBB7-49A87065AE71}.Debug|Any CPU.ActiveCfg = Debug|Any CPU
		{062270A8-A0AE-4A23-BBB7-49A87065AE71}.Debug|Any CPU.Build.0 = Debug|Any CPU
		{062270A8-A0AE-4A23-BBB7-49A87065AE71}.Release|Any CPU.ActiveCfg = Release|Any CPU
		{062270A8-A0AE-4A23-BBB7-49A87065AE71}.Release|Any CPU.Build.0 = Release|Any CPU
		{C24716A9-D93D-49D0-AE9F-56C87F106668}.Debug|Any CPU.ActiveCfg = Debug|Any CPU
		{C24716A9-D93D-49D0-AE9F-56C87F106668}.Debug|Any CPU.Build.0 = Debug|Any CPU
		{C24716A9-D93D-49D0-AE9F-56C87F106668}.Release|Any CPU.ActiveCfg = Release|Any CPU
		{C24716A9-D93D-49D0-AE9F-56C87F106668}.Release|Any CPU.Build.0 = Release|Any CPU
		{29030056-079A-47F0-A5D2-67C0052CE0D7}.Debug|Any CPU.ActiveCfg = Debug|Any CPU
		{29030056-079A-47F0-A5D2-67C0052CE0D7}.Debug|Any CPU.Build.0 = Debug|Any CPU
		{29030056-079A-47F0-A5D2-67C0052CE0D7}.Release|Any CPU.ActiveCfg = Release|Any CPU
		{29030056-079A-47F0-A5D2-67C0052CE0D7}.Release|Any CPU.Build.0 = Release|Any CPU
		{BA761851-E355-48A5-8FEB-E8FA4D40CDED}.Debug|Any CPU.ActiveCfg = Debug|Any CPU
		{BA761851-E355-48A5-8FEB-E8FA4D40CDED}.Debug|Any CPU.Build.0 = Debug|Any CPU
		{BA761851-E355-48A5-8FEB-E8FA4D40CDED}.Release|Any CPU.ActiveCfg = Release|Any CPU
		{BA761851-E355-48A5-8FEB-E8FA4D40CDED}.Release|Any CPU.Build.0 = Release|Any CPU
		{F5848A2F-437B-45AD-962C-47D9906AE3B7}.Debug|Any CPU.ActiveCfg = Debug|Any CPU
		{F5848A2F-437B-45AD-962C-47D9906AE3B7}.Debug|Any CPU.Build.0 = Debug|Any CPU
		{F5848A2F-437B-45AD-962C-47D9906AE3B7}.Release|Any CPU.ActiveCfg = Release|Any CPU
		{F5848A2F-437B-45AD-962C-47D9906AE3B7}.Release|Any CPU.Build.0 = Release|Any CPU
		{F740BBD8-95CA-46FE-AF20-C209B411EFDB}.Debug|Any CPU.ActiveCfg = Debug|Any CPU
		{F740BBD8-95CA-46FE-AF20-C209B411EFDB}.Debug|Any CPU.Build.0 = Debug|Any CPU
		{F740BBD8-95CA-46FE-AF20-C209B411EFDB}.Release|Any CPU.ActiveCfg = Release|Any CPU
		{F740BBD8-95CA-46FE-AF20-C209B411EFDB}.Release|Any CPU.Build.0 = Release|Any CPU
		{80886677-0EC2-4119-9B36-5AA177A75195}.Debug|Any CPU.ActiveCfg = Debug|Any CPU
		{80886677-0EC2-4119-9B36-5AA177A75195}.Debug|Any CPU.Build.0 = Debug|Any CPU
		{80886677-0EC2-4119-9B36-5AA177A75195}.Release|Any CPU.ActiveCfg = Release|Any CPU
		{80886677-0EC2-4119-9B36-5AA177A75195}.Release|Any CPU.Build.0 = Release|Any CPU
		{DE6FD63D-6066-434D-99FD-4D5620DCCA1C}.Debug|Any CPU.ActiveCfg = Debug|Any CPU
		{DE6FD63D-6066-434D-99FD-4D5620DCCA1C}.Debug|Any CPU.Build.0 = Debug|Any CPU
		{DE6FD63D-6066-434D-99FD-4D5620DCCA1C}.Release|Any CPU.ActiveCfg = Release|Any CPU
		{DE6FD63D-6066-434D-99FD-4D5620DCCA1C}.Release|Any CPU.Build.0 = Release|Any CPU
		{7E1A543E-D070-46E9-A3E0-5680EF1B0B86}.Debug|Any CPU.ActiveCfg = Debug|Any CPU
		{7E1A543E-D070-46E9-A3E0-5680EF1B0B86}.Debug|Any CPU.Build.0 = Debug|Any CPU
		{7E1A543E-D070-46E9-A3E0-5680EF1B0B86}.Release|Any CPU.ActiveCfg = Release|Any CPU
		{7E1A543E-D070-46E9-A3E0-5680EF1B0B86}.Release|Any CPU.Build.0 = Release|Any CPU
	EndGlobalSection
	GlobalSection(SolutionProperties) = preSolution
		HideSolutionNode = FALSE
	EndGlobalSection
	GlobalSection(NestedProjects) = preSolution
		{F70192BD-ABE5-405D-A411-9EABD68E1B7F} = {690FEC9F-8481-4B9B-BD50-0D3E0256050D}
		{230BF492-A1D0-48B3-ABAB-E7AC89B574A3} = {690FEC9F-8481-4B9B-BD50-0D3E0256050D}
		{3116CD75-9842-4D93-8ADC-98C5CE128F75} = {667B39B0-094E-4118-A9D3-0CB22DF5EAEC}
		{A7B59E03-0723-4F95-9574-CF10610B5D14} = {667B39B0-094E-4118-A9D3-0CB22DF5EAEC}
		{FC61E821-A623-4EDF-A4F2-FCFECC03C4A5} = {667B39B0-094E-4118-A9D3-0CB22DF5EAEC}
		{3C2F8B2B-CE1B-450F-8C39-A7DF363227E1} = {667B39B0-094E-4118-A9D3-0CB22DF5EAEC}
		{2D368637-0B7A-4DE7-9BFF-180E1D7BA9E0} = {667B39B0-094E-4118-A9D3-0CB22DF5EAEC}
		{9FAD0292-0C54-451B-A78F-26C94C5C47A6} = {667B39B0-094E-4118-A9D3-0CB22DF5EAEC}
		{DF5B07FF-12EB-4914-B37F-13A4EF875F0B} = {667B39B0-094E-4118-A9D3-0CB22DF5EAEC}
		{7065379B-47C5-47B4-86C0-A4061D508167} = {667B39B0-094E-4118-A9D3-0CB22DF5EAEC}
		{A6012DAB-77D7-4D34-A215-BD5C0F80257E} = {7DB36915-27C1-47D4-B8A3-B4B2BE2FCBD4}
		{15059F74-E198-4C65-956F-3511EB3E890B} = {7DB36915-27C1-47D4-B8A3-B4B2BE2FCBD4}
		{96AEA809-7BE5-41F2-9E03-55F2843ECAB7} = {7DB36915-27C1-47D4-B8A3-B4B2BE2FCBD4}
		{A76264DE-B070-4784-A7B4-5FE424C8F923} = {667B39B0-094E-4118-A9D3-0CB22DF5EAEC}
		{6DACA670-9365-4640-9287-0A8BF4DFEEBE} = {531E4DCA-97C9-46EC-855C-505A2B4EB993}
		{7B572950-4ADD-4C21-B422-CD355479E452} = {531E4DCA-97C9-46EC-855C-505A2B4EB993}
		{08B1718C-3029-4C15-BD04-299E565C9463} = {531E4DCA-97C9-46EC-855C-505A2B4EB993}
		{71094817-C9B1-4B51-A774-1E55C3833E62} = {531E4DCA-97C9-46EC-855C-505A2B4EB993}
		{F4E8A377-72DA-4194-AACA-F95A02731FE0} = {531E4DCA-97C9-46EC-855C-505A2B4EB993}
		{0A9F8FAF-B77F-41A2-94EA-CABBC9E3390C} = {531E4DCA-97C9-46EC-855C-505A2B4EB993}
		{59CEE7AE-5203-4B81-B2BD-5C890749587C} = {531E4DCA-97C9-46EC-855C-505A2B4EB993}
		{62744F27-547A-4177-A348-6B1AD380C066} = {531E4DCA-97C9-46EC-855C-505A2B4EB993}
		{19892F72-F8FD-440F-B13C-3C44FE331012} = {531E4DCA-97C9-46EC-855C-505A2B4EB993}
		{54606BA5-ABB3-4939-9E75-3AA77079042C} = {667B39B0-094E-4118-A9D3-0CB22DF5EAEC}
		{FAAA3D29-122A-49FF-91CD-DEF09FDD6814} = {6A22C731-5E93-4E73-83A7-CE9BDDEE6654}
		{DA91619C-6628-444F-811C-F8765D956B98} = {8BC218F1-1676-4BC5-A64D-F6B39947A625}
		{5E0DA7F1-7C27-48D8-B664-2F22D48A99EB} = {8BC218F1-1676-4BC5-A64D-F6B39947A625}
		{93AAC284-448A-4D20-921F-F3D8E7727CDE} = {8BC218F1-1676-4BC5-A64D-F6B39947A625}
		{F94468CD-C487-4508-8E46-1F0FF37B5ED1} = {8BC218F1-1676-4BC5-A64D-F6B39947A625}
		{DB42BC13-0A6A-4459-9A6E-041BC71A4104} = {8BC218F1-1676-4BC5-A64D-F6B39947A625}
		{5A584CF3-A70B-4C4B-9A1E-960440150E2F} = {8BC218F1-1676-4BC5-A64D-F6B39947A625}
		{D57F36BE-9182-4A14-AA93-FD2A6445BD9B} = {8BC218F1-1676-4BC5-A64D-F6B39947A625}
		{1AFE6231-FB61-42BE-84D3-CDB6083337F5} = {8BC218F1-1676-4BC5-A64D-F6B39947A625}
		{AB809434-C74A-44BB-A500-3FBDE723BD23} = {8BC218F1-1676-4BC5-A64D-F6B39947A625}
		{8EFC85A5-9BD2-41B3-9BB9-82AF69BFF89A} = {D9429B31-C864-4250-8ABF-DDFC392F8DE1}
		{CFFE34A2-276F-4080-A279-BE2624FDA509} = {D9429B31-C864-4250-8ABF-DDFC392F8DE1}
		{062270A8-A0AE-4A23-BBB7-49A87065AE71} = {D9429B31-C864-4250-8ABF-DDFC392F8DE1}
		{C24716A9-D93D-49D0-AE9F-56C87F106668} = {D9429B31-C864-4250-8ABF-DDFC392F8DE1}
		{29030056-079A-47F0-A5D2-67C0052CE0D7} = {52C7BC5E-C269-4BFD-BE0D-FAD80B7FEC70}
		{BA761851-E355-48A5-8FEB-E8FA4D40CDED} = {52C7BC5E-C269-4BFD-BE0D-FAD80B7FEC70}
		{F5848A2F-437B-45AD-962C-47D9906AE3B7} = {52C7BC5E-C269-4BFD-BE0D-FAD80B7FEC70}
		{F740BBD8-95CA-46FE-AF20-C209B411EFDB} = {52C7BC5E-C269-4BFD-BE0D-FAD80B7FEC70}
		{80886677-0EC2-4119-9B36-5AA177A75195} = {52C7BC5E-C269-4BFD-BE0D-FAD80B7FEC70}
		{DE6FD63D-6066-434D-99FD-4D5620DCCA1C} = {52C7BC5E-C269-4BFD-BE0D-FAD80B7FEC70}
		{7E1A543E-D070-46E9-A3E0-5680EF1B0B86} = {52C7BC5E-C269-4BFD-BE0D-FAD80B7FEC70}
	EndGlobalSection
	GlobalSection(ExtensibilityGlobals) = postSolution
		SolutionGuid = {14058608-E415-483C-B0C8-5986A5BCFA69}
	EndGlobalSection
EndGlobal
